// !$*UTF8*$!
{
	archiveVersion = 1;
	classes = {
	};
	objectVersion = 46;
	objects = {

/* Begin PBXBuildFile section */
		18B340B01AA6D4CC00B19ED4 /* main.m in Sources */ = {isa = PBXBuildFile; fileRef = 18B340AF1AA6D4CC00B19ED4 /* main.m */; };
		18B340B31AA6D4CC00B19ED4 /* AppDelegate.m in Sources */ = {isa = PBXBuildFile; fileRef = 18B340B21AA6D4CC00B19ED4 /* AppDelegate.m */; };
		18B340B61AA6D4CC00B19ED4 /* FirstViewController.m in Sources */ = {isa = PBXBuildFile; fileRef = 18B340B51AA6D4CC00B19ED4 /* FirstViewController.m */; };
		18B340B91AA6D4CC00B19ED4 /* SecondViewController.m in Sources */ = {isa = PBXBuildFile; fileRef = 18B340B81AA6D4CC00B19ED4 /* SecondViewController.m */; };
		18B340BC1AA6D4CC00B19ED4 /* Main.storyboard in Resources */ = {isa = PBXBuildFile; fileRef = 18B340BA1AA6D4CC00B19ED4 /* Main.storyboard */; };
		18B340BE1AA6D4CC00B19ED4 /* Images.xcassets in Resources */ = {isa = PBXBuildFile; fileRef = 18B340BD1AA6D4CC00B19ED4 /* Images.xcassets */; };
		18B340C11AA6D4CC00B19ED4 /* LaunchScreen.xib in Resources */ = {isa = PBXBuildFile; fileRef = 18B340BF1AA6D4CC00B19ED4 /* LaunchScreen.xib */; };
		18B340CD1AA6D4CC00B19ED4 /* GreenTripTests.m in Sources */ = {isa = PBXBuildFile; fileRef = 18B340CC1AA6D4CC00B19ED4 /* GreenTripTests.m */; };
/* End PBXBuildFile section */

/* Begin PBXContainerItemProxy section */
		18B340C71AA6D4CC00B19ED4 /* PBXContainerItemProxy */ = {
			isa = PBXContainerItemProxy;
			containerPortal = 18B340A21AA6D4CB00B19ED4 /* Project object */;
			proxyType = 1;
			remoteGlobalIDString = 18B340A91AA6D4CC00B19ED4;
			remoteInfo = GreenTrip;
		};
/* End PBXContainerItemProxy section */

/* Begin PBXFileReference section */
		18B340AA1AA6D4CC00B19ED4 /* GreenTrip.app */ = {isa = PBXFileReference; explicitFileType = wrapper.application; includeInIndex = 0; path = GreenTrip.app; sourceTree = BUILT_PRODUCTS_DIR; };
		18B340AE1AA6D4CC00B19ED4 /* Info.plist */ = {isa = PBXFileReference; lastKnownFileType = text.plist.xml; path = Info.plist; sourceTree = "<group>"; };
		18B340AF1AA6D4CC00B19ED4 /* main.m */ = {isa = PBXFileReference; lastKnownFileType = sourcecode.c.objc; path = main.m; sourceTree = "<group>"; };
		18B340B11AA6D4CC00B19ED4 /* AppDelegate.h */ = {isa = PBXFileReference; lastKnownFileType = sourcecode.c.h; path = AppDelegate.h; sourceTree = "<group>"; };
		18B340B21AA6D4CC00B19ED4 /* AppDelegate.m */ = {isa = PBXFileReference; lastKnownFileType = sourcecode.c.objc; path = AppDelegate.m; sourceTree = "<group>"; };
		18B340B41AA6D4CC00B19ED4 /* FirstViewController.h */ = {isa = PBXFileReference; lastKnownFileType = sourcecode.c.h; path = FirstViewController.h; sourceTree = "<group>"; };
		18B340B51AA6D4CC00B19ED4 /* FirstViewController.m */ = {isa = PBXFileReference; lastKnownFileType = sourcecode.c.objc; path = FirstViewController.m; sourceTree = "<group>"; };
		18B340B71AA6D4CC00B19ED4 /* SecondViewController.h */ = {isa = PBXFileReference; lastKnownFileType = sourcecode.c.h; path = SecondViewController.h; sourceTree = "<group>"; };
		18B340B81AA6D4CC00B19ED4 /* SecondViewController.m */ = {isa = PBXFileReference; lastKnownFileType = sourcecode.c.objc; path = SecondViewController.m; sourceTree = "<group>"; };
		18B340BB1AA6D4CC00B19ED4 /* Base */ = {isa = PBXFileReference; lastKnownFileType = file.storyboard; name = Base; path = Base.lproj/Main.storyboard; sourceTree = "<group>"; };
		18B340BD1AA6D4CC00B19ED4 /* Images.xcassets */ = {isa = PBXFileReference; lastKnownFileType = folder.assetcatalog; path = Images.xcassets; sourceTree = "<group>"; };
		18B340C01AA6D4CC00B19ED4 /* Base */ = {isa = PBXFileReference; lastKnownFileType = file.xib; name = Base; path = Base.lproj/LaunchScreen.xib; sourceTree = "<group>"; };
		18B340C61AA6D4CC00B19ED4 /* GreenTripTests.xctest */ = {isa = PBXFileReference; explicitFileType = wrapper.cfbundle; includeInIndex = 0; path = GreenTripTests.xctest; sourceTree = BUILT_PRODUCTS_DIR; };
		18B340CB1AA6D4CC00B19ED4 /* Info.plist */ = {isa = PBXFileReference; lastKnownFileType = text.plist.xml; path = Info.plist; sourceTree = "<group>"; };
		18B340CC1AA6D4CC00B19ED4 /* GreenTripTests.m */ = {isa = PBXFileReference; lastKnownFileType = sourcecode.c.objc; path = GreenTripTests.m; sourceTree = "<group>"; };
/* End PBXFileReference section */

/* Begin PBXFrameworksBuildPhase section */
		18B340A71AA6D4CC00B19ED4 /* Frameworks */ = {
			isa = PBXFrameworksBuildPhase;
			buildActionMask = 2147483647;
			files = (
			);
			runOnlyForDeploymentPostprocessing = 0;
		};
		18B340C31AA6D4CC00B19ED4 /* Frameworks */ = {
			isa = PBXFrameworksBuildPhase;
			buildActionMask = 2147483647;
			files = (
			);
			runOnlyForDeploymentPostprocessing = 0;
		};
/* End PBXFrameworksBuildPhase section */

/* Begin PBXGroup section */
		18B340A11AA6D4CB00B19ED4 = {
			isa = PBXGroup;
			children = (
				18B340AC1AA6D4CC00B19ED4 /* GreenTrip */,
				18B340C91AA6D4CC00B19ED4 /* GreenTripTests */,
				18B340AB1AA6D4CC00B19ED4 /* Products */,
			);
			sourceTree = "<group>";
		};
		18B340AB1AA6D4CC00B19ED4 /* Products */ = {
			isa = PBXGroup;
			children = (
				18B340AA1AA6D4CC00B19ED4 /* GreenTrip.app */,
				18B340C61AA6D4CC00B19ED4 /* GreenTripTests.xctest */,
			);
			name = Products;
			sourceTree = "<group>";
		};
		18B340AC1AA6D4CC00B19ED4 /* GreenTrip */ = {
			isa = PBXGroup;
			children = (
				18B340B11AA6D4CC00B19ED4 /* AppDelegate.h */,
				18B340B21AA6D4CC00B19ED4 /* AppDelegate.m */,
				18B340B41AA6D4CC00B19ED4 /* FirstViewController.h */,
				18B340B51AA6D4CC00B19ED4 /* FirstViewController.m */,
				18B340B71AA6D4CC00B19ED4 /* SecondViewController.h */,
				18B340B81AA6D4CC00B19ED4 /* SecondViewController.m */,
				18B340BA1AA6D4CC00B19ED4 /* Main.storyboard */,
				18B340BD1AA6D4CC00B19ED4 /* Images.xcassets */,
				18B340BF1AA6D4CC00B19ED4 /* LaunchScreen.xib */,
				18B340AD1AA6D4CC00B19ED4 /* Supporting Files */,
			);
			path = GreenTrip;
			sourceTree = "<group>";
		};
		18B340AD1AA6D4CC00B19ED4 /* Supporting Files */ = {
			isa = PBXGroup;
			children = (
				18B340AE1AA6D4CC00B19ED4 /* Info.plist */,
				18B340AF1AA6D4CC00B19ED4 /* main.m */,
			);
			name = "Supporting Files";
			sourceTree = "<group>";
		};
		18B340C91AA6D4CC00B19ED4 /* GreenTripTests */ = {
			isa = PBXGroup;
			children = (
				18B340CC1AA6D4CC00B19ED4 /* GreenTripTests.m */,
				18B340CA1AA6D4CC00B19ED4 /* Supporting Files */,
			);
			path = GreenTripTests;
			sourceTree = "<group>";
		};
		18B340CA1AA6D4CC00B19ED4 /* Supporting Files */ = {
			isa = PBXGroup;
			children = (
				18B340CB1AA6D4CC00B19ED4 /* Info.plist */,
			);
			name = "Supporting Files";
			sourceTree = "<group>";
		};
/* End PBXGroup section */

/* Begin PBXNativeTarget section */
		18B340A91AA6D4CC00B19ED4 /* GreenTrip */ = {
			isa = PBXNativeTarget;
			buildConfigurationList = 18B340D01AA6D4CC00B19ED4 /* Build configuration list for PBXNativeTarget "GreenTrip" */;
			buildPhases = (
				18B340A61AA6D4CC00B19ED4 /* Sources */,
				18B340A71AA6D4CC00B19ED4 /* Frameworks */,
				18B340A81AA6D4CC00B19ED4 /* Resources */,
			);
			buildRules = (
			);
			dependencies = (
			);
			name = GreenTrip;
			productName = GreenTrip;
			productReference = 18B340AA1AA6D4CC00B19ED4 /* GreenTrip.app */;
			productType = "com.apple.product-type.application";
		};
		18B340C51AA6D4CC00B19ED4 /* GreenTripTests */ = {
			isa = PBXNativeTarget;
			buildConfigurationList = 18B340D31AA6D4CC00B19ED4 /* Build configuration list for PBXNativeTarget "GreenTripTests" */;
			buildPhases = (
				18B340C21AA6D4CC00B19ED4 /* Sources */,
				18B340C31AA6D4CC00B19ED4 /* Frameworks */,
				18B340C41AA6D4CC00B19ED4 /* Resources */,
			);
			buildRules = (
			);
			dependencies = (
				18B340C81AA6D4CC00B19ED4 /* PBXTargetDependency */,
			);
			name = GreenTripTests;
			productName = GreenTripTests;
			productReference = 18B340C61AA6D4CC00B19ED4 /* GreenTripTests.xctest */;
			productType = "com.apple.product-type.bundle.unit-test";
		};
/* End PBXNativeTarget section */

/* Begin PBXProject section */
		18B340A21AA6D4CB00B19ED4 /* Project object */ = {
			isa = PBXProject;
			attributes = {
				LastUpgradeCheck = 0610;
				ORGANIZATIONNAME = Mr.OJ;
				TargetAttributes = {
					18B340A91AA6D4CC00B19ED4 = {
						CreatedOnToolsVersion = 6.1.1;
					};
					18B340C51AA6D4CC00B19ED4 = {
						CreatedOnToolsVersion = 6.1.1;
						TestTargetID = 18B340A91AA6D4CC00B19ED4;
					};
				};
			};
			buildConfigurationList = 18B340A51AA6D4CB00B19ED4 /* Build configuration list for PBXProject "GreenTrip" */;
			compatibilityVersion = "Xcode 3.2";
			developmentRegion = English;
			hasScannedForEncodings = 0;
			knownRegions = (
				en,
				Base,
			);
			mainGroup = 18B340A11AA6D4CB00B19ED4;
			productRefGroup = 18B340AB1AA6D4CC00B19ED4 /* Products */;
			projectDirPath = "";
			projectRoot = "";
			targets = (
				18B340A91AA6D4CC00B19ED4 /* GreenTrip */,
				18B340C51AA6D4CC00B19ED4 /* GreenTripTests */,
			);
		};
/* End PBXProject section */

/* Begin PBXResourcesBuildPhase section */
		18B340A81AA6D4CC00B19ED4 /* Resources */ = {
			isa = PBXResourcesBuildPhase;
			buildActionMask = 2147483647;
			files = (
				18B340BC1AA6D4CC00B19ED4 /* Main.storyboard in Resources */,
				18B340C11AA6D4CC00B19ED4 /* LaunchScreen.xib in Resources */,
				18B340BE1AA6D4CC00B19ED4 /* Images.xcassets in Resources */,
			);
			runOnlyForDeploymentPostprocessing = 0;
		};
		18B340C41AA6D4CC00B19ED4 /* Resources */ = {
			isa = PBXResourcesBuildPhase;
			buildActionMask = 2147483647;
			files = (
			);
			runOnlyForDeploymentPostprocessing = 0;
		};
/* End PBXResourcesBuildPhase section */

/* Begin PBXSourcesBuildPhase section */
		18B340A61AA6D4CC00B19ED4 /* Sources */ = {
			isa = PBXSourcesBuildPhase;
			buildActionMask = 2147483647;
			files = (
				18B340B91AA6D4CC00B19ED4 /* SecondViewController.m in Sources */,
				18B340B31AA6D4CC00B19ED4 /* AppDelegate.m in Sources */,
				18B340B61AA6D4CC00B19ED4 /* FirstViewController.m in Sources */,
				18B340B01AA6D4CC00B19ED4 /* main.m in Sources */,
			);
			runOnlyForDeploymentPostprocessing = 0;
		};
		18B340C21AA6D4CC00B19ED4 /* Sources */ = {
			isa = PBXSourcesBuildPhase;
			buildActionMask = 2147483647;
			files = (
				18B340CD1AA6D4CC00B19ED4 /* GreenTripTests.m in Sources */,
			);
			runOnlyForDeploymentPostprocessing = 0;
		};
/* End PBXSourcesBuildPhase section */

/* Begin PBXTargetDependency section */
		18B340C81AA6D4CC00B19ED4 /* PBXTargetDependency */ = {
			isa = PBXTargetDependency;
			target = 18B340A91AA6D4CC00B19ED4 /* GreenTrip */;
			targetProxy = 18B340C71AA6D4CC00B19ED4 /* PBXContainerItemProxy */;
		};
/* End PBXTargetDependency section */

/* Begin PBXVariantGroup section */
		18B340BA1AA6D4CC00B19ED4 /* Main.storyboard */ = {
			isa = PBXVariantGroup;
			children = (
				18B340BB1AA6D4CC00B19ED4 /* Base */,
			);
			name = Main.storyboard;
			sourceTree = "<group>";
		};
		18B340BF1AA6D4CC00B19ED4 /* LaunchScreen.xib */ = {
			isa = PBXVariantGroup;
			children = (
				18B340C01AA6D4CC00B19ED4 /* Base */,
			);
			name = LaunchScreen.xib;
			sourceTree = "<group>";
		};
/* End PBXVariantGroup section */

/* Begin XCBuildConfiguration section */
		18B340CE1AA6D4CC00B19ED4 /* Debug */ = {
			isa = XCBuildConfiguration;
			buildSettings = {
				ALWAYS_SEARCH_USER_PATHS = NO;
				CLANG_CXX_LANGUAGE_STANDARD = "gnu++0x";
				CLANG_CXX_LIBRARY = "libc++";
				CLANG_ENABLE_MODULES = YES;
				CLANG_ENABLE_OBJC_ARC = YES;
				CLANG_WARN_BOOL_CONVERSION = YES;
				CLANG_WARN_CONSTANT_CONVERSION = YES;
				CLANG_WARN_DIRECT_OBJC_ISA_USAGE = YES_ERROR;
				CLANG_WARN_EMPTY_BODY = YES;
				CLANG_WARN_ENUM_CONVERSION = YES;
				CLANG_WARN_INT_CONVERSION = YES;
				CLANG_WARN_OBJC_ROOT_CLASS = YES_ERROR;
				CLANG_WARN_UNREACHABLE_CODE = YES;
				CLANG_WARN__DUPLICATE_METHOD_MATCH = YES;
				"CODE_SIGN_IDENTITY[sdk=iphoneos*]" = "iPhone Developer";
				COPY_PHASE_STRIP = NO;
				ENABLE_STRICT_OBJC_MSGSEND = YES;
				GCC_C_LANGUAGE_STANDARD = gnu99;
				GCC_DYNAMIC_NO_PIC = NO;
				GCC_OPTIMIZATION_LEVEL = 0;
				GCC_PREPROCESSOR_DEFINITIONS = (
					"DEBUG=1",
					"$(inherited)",
				);
				GCC_SYMBOLS_PRIVATE_EXTERN = NO;
				GCC_WARN_64_TO_32_BIT_CONVERSION = YES;
				GCC_WARN_ABOUT_RETURN_TYPE = YES_ERROR;
				GCC_WARN_UNDECLARED_SELECTOR = YES;
				GCC_WARN_UNINITIALIZED_AUTOS = YES_AGGRESSIVE;
				GCC_WARN_UNUSED_FUNCTION = YES;
				GCC_WARN_UNUSED_VARIABLE = YES;
				IPHONEOS_DEPLOYMENT_TARGET = 8.1;
				MTL_ENABLE_DEBUG_INFO = YES;
				ONLY_ACTIVE_ARCH = YES;
				SDKROOT = iphoneos;
			};
			name = Debug;
		};
		18B340CF1AA6D4CC00B19ED4 /* Release */ = {
			isa = XCBuildConfiguration;
			buildSettings = {
				ALWAYS_SEARCH_USER_PATHS = NO;
				CLANG_CXX_LANGUAGE_STANDARD = "gnu++0x";
				CLANG_CXX_LIBRARY = "libc++";
				CLANG_ENABLE_MODULES = YES;
				CLANG_ENABLE_OBJC_ARC = YES;
				CLANG_WARN_BOOL_CONVERSION = YES;
				CLANG_WARN_CONSTANT_CONVERSION = YES;
				CLANG_WARN_DIRECT_OBJC_ISA_USAGE = YES_ERROR;
				CLANG_WARN_EMPTY_BODY = YES;
				CLANG_WARN_ENUM_CONVERSION = YES;
				CLANG_WARN_INT_CONVERSION = YES;
				CLANG_WARN_OBJC_ROOT_CLASS = YES_ERROR;
				CLANG_WARN_UNREACHABLE_CODE = YES;
				CLANG_WARN__DUPLICATE_METHOD_MATCH = YES;
				"CODE_SIGN_IDENTITY[sdk=iphoneos*]" = "iPhone Developer";
				COPY_PHASE_STRIP = YES;
				ENABLE_NS_ASSERTIONS = NO;
				ENABLE_STRICT_OBJC_MSGSEND = YES;
				GCC_C_LANGUAGE_STANDARD = gnu99;
				GCC_WARN_64_TO_32_BIT_CONVERSION = YES;
				GCC_WARN_ABOUT_RETURN_TYPE = YES_ERROR;
				GCC_WARN_UNDECLARED_SELECTOR = YES;
				GCC_WARN_UNINITIALIZED_AUTOS = YES_AGGRESSIVE;
				GCC_WARN_UNUSED_FUNCTION = YES;
				GCC_WARN_UNUSED_VARIABLE = YES;
				IPHONEOS_DEPLOYMENT_TARGET = 8.1;
				MTL_ENABLE_DEBUG_INFO = NO;
				SDKROOT = iphoneos;
				VALIDATE_PRODUCT = YES;
			};
			name = Release;
		};
		18B340D11AA6D4CC00B19ED4 /* Debug */ = {
			isa = XCBuildConfiguration;
			buildSettings = {
				ASSETCATALOG_COMPILER_APPICON_NAME = AppIcon;
				INFOPLIST_FILE = GreenTrip/Info.plist;
				LD_RUNPATH_SEARCH_PATHS = "$(inherited) @executable_path/Frameworks";
				PRODUCT_NAME = "$(TARGET_NAME)";
			};
			name = Debug;
		};
		18B340D21AA6D4CC00B19ED4 /* Release */ = {
			isa = XCBuildConfiguration;
			buildSettings = {
				ASSETCATALOG_COMPILER_APPICON_NAME = AppIcon;
				INFOPLIST_FILE = GreenTrip/Info.plist;
				LD_RUNPATH_SEARCH_PATHS = "$(inherited) @executable_path/Frameworks";
				PRODUCT_NAME = "$(TARGET_NAME)";
			};
			name = Release;
		};
		18B340D41AA6D4CC00B19ED4 /* Debug */ = {
			isa = XCBuildConfiguration;
			buildSettings = {
				BUNDLE_LOADER = "$(TEST_HOST)";
				FRAMEWORK_SEARCH_PATHS = (
					"$(SDKROOT)/Developer/Library/Frameworks",
					"$(inherited)",
				);
				GCC_PREPROCESSOR_DEFINITIONS = (
					"DEBUG=1",
					"$(inherited)",
				);
				INFOPLIST_FILE = GreenTripTests/Info.plist;
				LD_RUNPATH_SEARCH_PATHS = "$(inherited) @executable_path/Frameworks @loader_path/Frameworks";
				PRODUCT_NAME = "$(TARGET_NAME)";
				TEST_HOST = "$(BUILT_PRODUCTS_DIR)/GreenTrip.app/GreenTrip";
			};
			name = Debug;
		};
		18B340D51AA6D4CC00B19ED4 /* Release */ = {
			isa = XCBuildConfiguration;
			buildSettings = {
				BUNDLE_LOADER = "$(TEST_HOST)";
				FRAMEWORK_SEARCH_PATHS = (
					"$(SDKROOT)/Developer/Library/Frameworks",
					"$(inherited)",
				);
				INFOPLIST_FILE = GreenTripTests/Info.plist;
				LD_RUNPATH_SEARCH_PATHS = "$(inherited) @executable_path/Frameworks @loader_path/Frameworks";
				PRODUCT_NAME = "$(TARGET_NAME)";
				TEST_HOST = "$(BUILT_PRODUCTS_DIR)/GreenTrip.app/GreenTrip";
			};
			name = Release;
		};
/* End XCBuildConfiguration section */

/* Begin XCConfigurationList section */
		18B340A51AA6D4CB00B19ED4 /* Build configuration list for PBXProject "GreenTrip" */ = {
			isa = XCConfigurationList;
			buildConfigurations = (
				18B340CE1AA6D4CC00B19ED4 /* Debug */,
				18B340CF1AA6D4CC00B19ED4 /* Release */,
			);
			defaultConfigurationIsVisible = 0;
			defaultConfigurationName = Release;
		};
		18B340D01AA6D4CC00B19ED4 /* Build configuration list for PBXNativeTarget "GreenTrip" */ = {
			isa = XCConfigurationList;
			buildConfigurations = (
				18B340D11AA6D4CC00B19ED4 /* Debug */,
				18B340D21AA6D4CC00B19ED4 /* Release */,
			);
			defaultConfigurationIsVisible = 0;
		};
		18B340D31AA6D4CC00B19ED4 /* Build configuration list for PBXNativeTarget "GreenTripTests" */ = {
			isa = XCConfigurationList;
			buildConfigurations = (
				18B340D41AA6D4CC00B19ED4 /* Debug */,
				18B340D51AA6D4CC00B19ED4 /* Release */,
			);
			defaultConfigurationIsVisible = 0;
		};
/* End XCConfigurationList section */
	};
	rootObject = 18B340A21AA6D4CB00B19ED4 /* Project object */;
}
